
Microsoft Visual Studio Solution File, Format Version 12.00
# Visual Studio Version 17
VisualStudioVersion = 17.4.33122.133
MinimumVisualStudioVersion = 10.0.40219.1
Project("{FAE04EC0-301F-11D3-BF4B-00C04F79EFBC}") = "webapp", "webapp.csproj", "{1365312F-B6C5-4537-B9B7-E25CE89F4EED}"
EndProject
Global
	GlobalSection(SolutionConfigurationPlatforms) = preSolution
		Debug|Any CPU = Debug|Any CPU
		Release|Any CPU = Release|Any CPU
	EndGlobalSection
	GlobalSection(ProjectConfigurationPlatforms) = postSolution
		{1365312F-B6C5-4537-B9B7-E25CE89F4EED}.Debug|Any CPU.ActiveCfg = Debug|Any CPU
		{1365312F-B6C5-4537-B9B7-E25CE89F4EED}.Debug|Any CPU.Build.0 = Debug|Any CPU
		{1365312F-B6C5-4537-B9B7-E25CE89F4EED}.Release|Any CPU.ActiveCfg = Release|Any CPU
		{1365312F-B6C5-4537-B9B7-E25CE89F4EED}.Release|Any CPU.Build.0 = Release|Any CPU
	EndGlobalSection
	GlobalSection(SolutionProperties) = preSolution
		HideSolutionNode = FALSE
	EndGlobalSection
	GlobalSection(ExtensibilityGlobals) = postSolution
		SolutionGuid = {58A2199B-1EFB-4DBD-AD23-F769E0A87C6E}
	EndGlobalSection
EndGlobal
